
Microsoft Visual Studio Solution File, Format Version 12.00
# Visual Studio Version 17
VisualStudioVersion = 17.10.34928.147
MinimumVisualStudioVersion = 10.0.40219.1
Project("{FAE04EC0-301F-11D3-BF4B-00C04F79EFBC}") = "estacionamiento", "estacionamiento\estacionamiento.csproj", "{9273136D-CDA4-48AA-ABAA-2765B3F47ECD}"
EndProject
Global
	GlobalSection(SolutionConfigurationPlatforms) = preSolution
		Debug|Any CPU = Debug|Any CPU
		Release|Any CPU = Release|Any CPU
	EndGlobalSection
	GlobalSection(ProjectConfigurationPlatforms) = postSolution
		{9273136D-CDA4-48AA-ABAA-2765B3F47ECD}.Debug|Any CPU.ActiveCfg = Debug|Any CPU
		{9273136D-CDA4-48AA-ABAA-2765B3F47ECD}.Debug|Any CPU.Build.0 = Debug|Any CPU
		{9273136D-CDA4-48AA-ABAA-2765B3F47ECD}.Release|Any CPU.ActiveCfg = Release|Any CPU
		{9273136D-CDA4-48AA-ABAA-2765B3F47ECD}.Release|Any CPU.Build.0 = Release|Any CPU
	EndGlobalSection
	GlobalSection(SolutionProperties) = preSolution
		HideSolutionNode = FALSE
	EndGlobalSection
	GlobalSection(ExtensibilityGlobals) = postSolution
		SolutionGuid = {53B4C359-3B05-4921-8BAF-780DB9DF3FDB}
	EndGlobalSection
EndGlobal
